
Microsoft Visual Studio Solution File, Format Version 12.00
# Visual Studio 14
VisualStudioVersion = 14.0.25123.0
MinimumVisualStudioVersion = 10.0.40219.1
Project("{FAE04EC0-301F-11D3-BF4B-00C04F79EFBC}") = "KioskApplication", "KioskApplication\KioskApplication.csproj", "{C49C9A98-F2C3-494F-8136-63A4B211288A}"
EndProject
Global
	GlobalSection(SolutionConfigurationPlatforms) = preSolution
		Debug|Any CPU = Debug|Any CPU
		Release|Any CPU = Release|Any CPU
	EndGlobalSection
	GlobalSection(ProjectConfigurationPlatforms) = postSolution
		{C49C9A98-F2C3-494F-8136-63A4B211288A}.Debug|Any CPU.ActiveCfg = Debug|Any CPU
		{C49C9A98-F2C3-494F-8136-63A4B211288A}.Debug|Any CPU.Build.0 = Debug|Any CPU
		{C49C9A98-F2C3-494F-8136-63A4B211288A}.Release|Any CPU.ActiveCfg = Release|Any CPU
		{C49C9A98-F2C3-494F-8136-63A4B211288A}.Release|Any CPU.Build.0 = Release|Any CPU
	EndGlobalSection
	GlobalSection(SolutionProperties) = preSolution
		HideSolutionNode = FALSE
	EndGlobalSection
EndGlobal
